
Microsoft Visual Studio Solution File, Format Version 12.00
# Visual Studio 15
VisualStudioVersion = 15.0.26124.0
MinimumVisualStudioVersion = 15.0.26124.0
Project("{FAE04EC0-301F-11D3-BF4B-00C04F79EFBC}") = "vista", "vista\vista.csproj", "{93DD7906-D5FF-4455-BEEE-15992EBA2DDE}"
EndProject
Project("{FAE04EC0-301F-11D3-BF4B-00C04F79EFBC}") = "Datos", "Datos\Datos.csproj", "{FCCC4EF4-787B-47D3-9A8C-FC21F06309F7}"
EndProject
Project("{FAE04EC0-301F-11D3-BF4B-00C04F79EFBC}") = "Logica", "Logica\Logica.csproj", "{A4E8B220-9900-448F-9260-653662C87D62}"
EndProject
Project("{FAE04EC0-301F-11D3-BF4B-00C04F79EFBC}") = "Entity", "Entity\Entity.csproj", "{2A31C79A-FA10-4660-AE30-E885E1D8DF97}"
EndProject
Global
	GlobalSection(SolutionConfigurationPlatforms) = preSolution
		Debug|Any CPU = Debug|Any CPU
		Debug|x64 = Debug|x64
		Debug|x86 = Debug|x86
		Release|Any CPU = Release|Any CPU
		Release|x64 = Release|x64
		Release|x86 = Release|x86
	EndGlobalSection
	GlobalSection(SolutionProperties) = preSolution
		HideSolutionNode = FALSE
	EndGlobalSection
	GlobalSection(ProjectConfigurationPlatforms) = postSolution
		{93DD7906-D5FF-4455-BEEE-15992EBA2DDE}.Debug|Any CPU.ActiveCfg = Debug|Any CPU
		{93DD7906-D5FF-4455-BEEE-15992EBA2DDE}.Debug|Any CPU.Build.0 = Debug|Any CPU
		{93DD7906-D5FF-4455-BEEE-15992EBA2DDE}.Debug|x64.ActiveCfg = Debug|Any CPU
		{93DD7906-D5FF-4455-BEEE-15992EBA2DDE}.Debug|x64.Build.0 = Debug|Any CPU
		{93DD7906-D5FF-4455-BEEE-15992EBA2DDE}.Debug|x86.ActiveCfg = Debug|Any CPU
		{93DD7906-D5FF-4455-BEEE-15992EBA2DDE}.Debug|x86.Build.0 = Debug|Any CPU
		{93DD7906-D5FF-4455-BEEE-15992EBA2DDE}.Release|Any CPU.ActiveCfg = Release|Any CPU
		{93DD7906-D5FF-4455-BEEE-15992EBA2DDE}.Release|Any CPU.Build.0 = Release|Any CPU
		{93DD7906-D5FF-4455-BEEE-15992EBA2DDE}.Release|x64.ActiveCfg = Release|Any CPU
		{93DD7906-D5FF-4455-BEEE-15992EBA2DDE}.Release|x64.Build.0 = Release|Any CPU
		{93DD7906-D5FF-4455-BEEE-15992EBA2DDE}.Release|x86.ActiveCfg = Release|Any CPU
		{93DD7906-D5FF-4455-BEEE-15992EBA2DDE}.Release|x86.Build.0 = Release|Any CPU
		{FCCC4EF4-787B-47D3-9A8C-FC21F06309F7}.Debug|Any CPU.ActiveCfg = Debug|Any CPU
		{FCCC4EF4-787B-47D3-9A8C-FC21F06309F7}.Debug|Any CPU.Build.0 = Debug|Any CPU
		{FCCC4EF4-787B-47D3-9A8C-FC21F06309F7}.Debug|x64.ActiveCfg = Debug|Any CPU
		{FCCC4EF4-787B-47D3-9A8C-FC21F06309F7}.Debug|x64.Build.0 = Debug|Any CPU
		{FCCC4EF4-787B-47D3-9A8C-FC21F06309F7}.Debug|x86.ActiveCfg = Debug|Any CPU
		{FCCC4EF4-787B-47D3-9A8C-FC21F06309F7}.Debug|x86.Build.0 = Debug|Any CPU
		{FCCC4EF4-787B-47D3-9A8C-FC21F06309F7}.Release|Any CPU.ActiveCfg = Release|Any CPU
		{FCCC4EF4-787B-47D3-9A8C-FC21F06309F7}.Release|Any CPU.Build.0 = Release|Any CPU
		{FCCC4EF4-787B-47D3-9A8C-FC21F06309F7}.Release|x64.ActiveCfg = Release|Any CPU
		{FCCC4EF4-787B-47D3-9A8C-FC21F06309F7}.Release|x64.Build.0 = Release|Any CPU
		{FCCC4EF4-787B-47D3-9A8C-FC21F06309F7}.Release|x86.ActiveCfg = Release|Any CPU
		{FCCC4EF4-787B-47D3-9A8C-FC21F06309F7}.Release|x86.Build.0 = Release|Any CPU
		{A4E8B220-9900-448F-9260-653662C87D62}.Debug|Any CPU.ActiveCfg = Debug|Any CPU
		{A4E8B220-9900-448F-9260-653662C87D62}.Debug|Any CPU.Build.0 = Debug|Any CPU
		{A4E8B220-9900-448F-9260-653662C87D62}.Debug|x64.ActiveCfg = Debug|Any CPU
		{A4E8B220-9900-448F-9260-653662C87D62}.Debug|x64.Build.0 = Debug|Any CPU
		{A4E8B220-9900-448F-9260-653662C87D62}.Debug|x86.ActiveCfg = Debug|Any CPU
		{A4E8B220-9900-448F-9260-653662C87D62}.Debug|x86.Build.0 = Debug|Any CPU
		{A4E8B220-9900-448F-9260-653662C87D62}.Release|Any CPU.ActiveCfg = Release|Any CPU
		{A4E8B220-9900-448F-9260-653662C87D62}.Release|Any CPU.Build.0 = Release|Any CPU
		{A4E8B220-9900-448F-9260-653662C87D62}.Release|x64.ActiveCfg = Release|Any CPU
		{A4E8B220-9900-448F-9260-653662C87D62}.Release|x64.Build.0 = Release|Any CPU
		{A4E8B220-9900-448F-9260-653662C87D62}.Release|x86.ActiveCfg = Release|Any CPU
		{A4E8B220-9900-448F-9260-653662C87D62}.Release|x86.Build.0 = Release|Any CPU
		{2A31C79A-FA10-4660-AE30-E885E1D8DF97}.Debug|Any CPU.ActiveCfg = Debug|Any CPU
		{2A31C79A-FA10-4660-AE30-E885E1D8DF97}.Debug|Any CPU.Build.0 = Debug|Any CPU
		{2A31C79A-FA10-4660-AE30-E885E1D8DF97}.Debug|x64.ActiveCfg = Debug|Any CPU
		{2A31C79A-FA10-4660-AE30-E885E1D8DF97}.Debug|x64.Build.0 = Debug|Any CPU
		{2A31C79A-FA10-4660-AE30-E885E1D8DF97}.Debug|x86.ActiveCfg = Debug|Any CPU
		{2A31C79A-FA10-4660-AE30-E885E1D8DF97}.Debug|x86.Build.0 = Debug|Any CPU
		{2A31C79A-FA10-4660-AE30-E885E1D8DF97}.Release|Any CPU.ActiveCfg = Release|Any CPU
		{2A31C79A-FA10-4660-AE30-E885E1D8DF97}.Release|Any CPU.Build.0 = Release|Any CPU
		{2A31C79A-FA10-4660-AE30-E885E1D8DF97}.Release|x64.ActiveCfg = Release|Any CPU
		{2A31C79A-FA10-4660-AE30-E885E1D8DF97}.Release|x64.Build.0 = Release|Any CPU
		{2A31C79A-FA10-4660-AE30-E885E1D8DF97}.Release|x86.ActiveCfg = Release|Any CPU
		{2A31C79A-FA10-4660-AE30-E885E1D8DF97}.Release|x86.Build.0 = Release|Any CPU
	EndGlobalSection
EndGlobal
